
Microsoft Visual Studio Solution File, Format Version 12.00
# Visual Studio Version 17
VisualStudioVersion = 17.5.001.0
MinimumVisualStudioVersion = 10.0.40219.1
Project("{9A19103F-16F7-4668-BE54-9A1E7A4F7556}") = "API", "API.csproj", "{D310695F-6A84-425B-8215-1BB31932B410}"
EndProject
Global
	GlobalSection(SolutionConfigurationPlatforms) = preSolution
		Debug|Any CPU = Debug|Any CPU
		Release|Any CPU = Release|Any CPU
	EndGlobalSection
	GlobalSection(ProjectConfigurationPlatforms) = postSolution
		{D310695F-6A84-425B-8215-1BB31932B410}.Debug|Any CPU.ActiveCfg = Debug|Any CPU
		{D310695F-6A84-425B-8215-1BB31932B410}.Debug|Any CPU.Build.0 = Debug|Any CPU
		{D310695F-6A84-425B-8215-1BB31932B410}.Release|Any CPU.ActiveCfg = Release|Any CPU
		{D310695F-6A84-425B-8215-1BB31932B410}.Release|Any CPU.Build.0 = Release|Any CPU
	EndGlobalSection
	GlobalSection(SolutionProperties) = preSolution
		HideSolutionNode = FALSE
	EndGlobalSection
	GlobalSection(ExtensibilityGlobals) = postSolution
		SolutionGuid = {D0D24FC8-6745-45C7-B338-1E9681082085}
	EndGlobalSection
EndGlobal
